
Microsoft Visual Studio Solution File, Format Version 12.00
# Visual Studio Version 16
VisualStudioVersion = 16.0.31911.196
MinimumVisualStudioVersion = 10.0.40219.1
Project("{9A19103F-16F7-4668-BE54-9A1E7A4F7556}") = "WebAPI", "WebAPI\WebAPI.csproj", "{F7B991D6-723A-42E2-8890-341973B9BB5D}"
EndProject
Project("{9A19103F-16F7-4668-BE54-9A1E7A4F7556}") = "WebData", "WebData\WebData.csproj", "{26010B77-14FA-4B1E-9F1D-D2FC8BC49691}"
EndProject
Project("{9A19103F-16F7-4668-BE54-9A1E7A4F7556}") = "WebUltilities", "WebUltilities\WebUltilities.csproj", "{A64C1AA2-7E03-48C5-818A-5C337C66E184}"
EndProject
Project("{9A19103F-16F7-4668-BE54-9A1E7A4F7556}") = "WebRepository", "WebRepository\WebRepository.csproj", "{06EDB1AF-5806-4F13-86FA-DD8D57676EDF}"
EndProject
Project("{9A19103F-16F7-4668-BE54-9A1E7A4F7556}") = "WebViewModel", "WebViewModel\WebViewModel.csproj", "{12D0B194-0D4A-4053-A2BD-45E527E87FC7}"
EndProject
Project("{9A19103F-16F7-4668-BE54-9A1E7A4F7556}") = "WebApplication", "WebApplication\WebApplication.csproj", "{B5F52D58-8072-40C8-BDE3-FF95F0F420F1}"
EndProject
Project("{2150E333-8FDC-42A3-9474-1A3956D46DE8}") = "1.Infrastructure", "1.Infrastructure", "{3890B6C0-4A64-42C2-95B0-54C1E4D50282}"
EndProject
Project("{2150E333-8FDC-42A3-9474-1A3956D46DE8}") = "2.Domain", "2.Domain", "{FDEE7A27-E0F8-4A19-9BEA-B346AAAA1BEA}"
EndProject
Project("{2150E333-8FDC-42A3-9474-1A3956D46DE8}") = "3.Hosts", "3.Hosts", "{E522FA7D-0E69-402F-A522-48130D16F1A8}"
EndProject
Project("{FAE04EC0-301F-11D3-BF4B-00C04F79EFBC}") = "AdminApp", "AdminApp\AdminApp.csproj", "{D55E01CC-BB57-4FBD-A94C-C09D46C64B83}"
EndProject
Global
	GlobalSection(SolutionConfigurationPlatforms) = preSolution
		Debug|Any CPU = Debug|Any CPU
		Release|Any CPU = Release|Any CPU
	EndGlobalSection
	GlobalSection(ProjectConfigurationPlatforms) = postSolution
		{F7B991D6-723A-42E2-8890-341973B9BB5D}.Debug|Any CPU.ActiveCfg = Debug|Any CPU
		{F7B991D6-723A-42E2-8890-341973B9BB5D}.Debug|Any CPU.Build.0 = Debug|Any CPU
		{F7B991D6-723A-42E2-8890-341973B9BB5D}.Release|Any CPU.ActiveCfg = Release|Any CPU
		{F7B991D6-723A-42E2-8890-341973B9BB5D}.Release|Any CPU.Build.0 = Release|Any CPU
		{26010B77-14FA-4B1E-9F1D-D2FC8BC49691}.Debug|Any CPU.ActiveCfg = Debug|Any CPU
		{26010B77-14FA-4B1E-9F1D-D2FC8BC49691}.Debug|Any CPU.Build.0 = Debug|Any CPU
		{26010B77-14FA-4B1E-9F1D-D2FC8BC49691}.Release|Any CPU.ActiveCfg = Release|Any CPU
		{26010B77-14FA-4B1E-9F1D-D2FC8BC49691}.Release|Any CPU.Build.0 = Release|Any CPU
		{A64C1AA2-7E03-48C5-818A-5C337C66E184}.Debug|Any CPU.ActiveCfg = Debug|Any CPU
		{A64C1AA2-7E03-48C5-818A-5C337C66E184}.Debug|Any CPU.Build.0 = Debug|Any CPU
		{A64C1AA2-7E03-48C5-818A-5C337C66E184}.Release|Any CPU.ActiveCfg = Release|Any CPU
		{A64C1AA2-7E03-48C5-818A-5C337C66E184}.Release|Any CPU.Build.0 = Release|Any CPU
		{06EDB1AF-5806-4F13-86FA-DD8D57676EDF}.Debug|Any CPU.ActiveCfg = Debug|Any CPU
		{06EDB1AF-5806-4F13-86FA-DD8D57676EDF}.Debug|Any CPU.Build.0 = Debug|Any CPU
		{06EDB1AF-5806-4F13-86FA-DD8D57676EDF}.Release|Any CPU.ActiveCfg = Release|Any CPU
		{06EDB1AF-5806-4F13-86FA-DD8D57676EDF}.Release|Any CPU.Build.0 = Release|Any CPU
		{12D0B194-0D4A-4053-A2BD-45E527E87FC7}.Debug|Any CPU.ActiveCfg = Debug|Any CPU
		{12D0B194-0D4A-4053-A2BD-45E527E87FC7}.Debug|Any CPU.Build.0 = Debug|Any CPU
		{12D0B194-0D4A-4053-A2BD-45E527E87FC7}.Release|Any CPU.ActiveCfg = Release|Any CPU
		{12D0B194-0D4A-4053-A2BD-45E527E87FC7}.Release|Any CPU.Build.0 = Release|Any CPU
		{B5F52D58-8072-40C8-BDE3-FF95F0F420F1}.Debug|Any CPU.ActiveCfg = Debug|Any CPU
		{B5F52D58-8072-40C8-BDE3-FF95F0F420F1}.Debug|Any CPU.Build.0 = Debug|Any CPU
		{B5F52D58-8072-40C8-BDE3-FF95F0F420F1}.Release|Any CPU.ActiveCfg = Release|Any CPU
		{B5F52D58-8072-40C8-BDE3-FF95F0F420F1}.Release|Any CPU.Build.0 = Release|Any CPU
		{D55E01CC-BB57-4FBD-A94C-C09D46C64B83}.Debug|Any CPU.ActiveCfg = Debug|Any CPU
		{D55E01CC-BB57-4FBD-A94C-C09D46C64B83}.Debug|Any CPU.Build.0 = Debug|Any CPU
		{D55E01CC-BB57-4FBD-A94C-C09D46C64B83}.Release|Any CPU.ActiveCfg = Release|Any CPU
		{D55E01CC-BB57-4FBD-A94C-C09D46C64B83}.Release|Any CPU.Build.0 = Release|Any CPU
	EndGlobalSection
	GlobalSection(SolutionProperties) = preSolution
		HideSolutionNode = FALSE
	EndGlobalSection
	GlobalSection(NestedProjects) = preSolution
		{F7B991D6-723A-42E2-8890-341973B9BB5D} = {E522FA7D-0E69-402F-A522-48130D16F1A8}
		{26010B77-14FA-4B1E-9F1D-D2FC8BC49691} = {FDEE7A27-E0F8-4A19-9BEA-B346AAAA1BEA}
		{A64C1AA2-7E03-48C5-818A-5C337C66E184} = {3890B6C0-4A64-42C2-95B0-54C1E4D50282}
		{06EDB1AF-5806-4F13-86FA-DD8D57676EDF} = {FDEE7A27-E0F8-4A19-9BEA-B346AAAA1BEA}
		{12D0B194-0D4A-4053-A2BD-45E527E87FC7} = {3890B6C0-4A64-42C2-95B0-54C1E4D50282}
		{B5F52D58-8072-40C8-BDE3-FF95F0F420F1} = {FDEE7A27-E0F8-4A19-9BEA-B346AAAA1BEA}
		{D55E01CC-BB57-4FBD-A94C-C09D46C64B83} = {E522FA7D-0E69-402F-A522-48130D16F1A8}
	EndGlobalSection
	GlobalSection(ExtensibilityGlobals) = postSolution
		SolutionGuid = {7CBF1D84-77E2-4818-9FC8-A7E021EF49D1}
	EndGlobalSection
EndGlobal
